{
  "name": "@shikeik/eruda-indexeddb",
  "version": "1.0.1",
  "lockfileVersion": 3,
  "requires": true,
  "packages": {
    "": {
      "name": "@shikeik/eruda-indexeddb",
      "version": "1.0.1",
      "license": "MIT",
      "dependencies": {
        "idb": "^8.0.0",
        "luna-data-grid": "^2.0.0"
      },
      "devDependencies": {
        "eruda": "^3.4.3",
        "typescript": "^5.0.0"
      },
      "peerDependencies": {
        "eruda": ">=3.0.0"
      }
    },
    "node_modules/eruda": {
      "version": "3.4.3",
      "resolved": "https://registry.npmjs.org/eruda/-/eruda-3.4.3.tgz",
      "integrity": "sha512-J2TsF4dXSspOXev5bJ6mljv0dRrxj21wklrDzbvPmYaEmVoC+2psylyRi70nUPFh1mTQfIBsSusUtAMZtUN+/w==",
      "dev": true,
      "license": "MIT"
    },
    "node_modules/idb": {
      "version": "8.0.3",
      "resolved": "https://registry.npmjs.org/idb/-/idb-8.0.3.tgz",
      "integrity": "sha512-LtwtVyVYO5BqRvcsKuB2iUMnHwPVByPCXFXOpuU96IZPPoPN6xjOGxZQ74pgSVVLQWtUOYgyeL4GE98BY5D3wg==",
      "license": "ISC"
    },
    "node_modules/licia": {
      "version": "1.48.0",
      "resolved": "https://registry.npmjs.org/licia/-/licia-1.48.0.tgz",
      "integrity": "sha512-bBWiT5CSdEtwuAHiYTJ74yItCjIFdHi4xiFk6BRDfKa+sdCpkUHp69YKb5udNOJlHDzFjNjcMgNZ/+wQIHrB8A==",
      "license": "MIT"
    },
    "node_modules/luna-data-grid": {
      "version": "2.0.2",
      "resolved": "https://registry.npmjs.org/luna-data-grid/-/luna-data-grid-2.0.2.tgz",
      "integrity": "sha512-QlBqeKavkOb8ms0ONYlZ6uIRkcDUzmsdZeAHEzuy3KW8uWRZJIhuJqOT2tP9aKKF3zB1kUq12F277CzUQZ0PWw==",
      "license": "MIT",
      "dependencies": {
        "licia": "^1.46.0"
      },
      "peerDependencies": {
        "luna-menu": "^0.2.0"
      }
    },
    "node_modules/luna-menu": {
      "version": "0.2.0",
      "resolved": "https://registry.npmjs.org/luna-menu/-/luna-menu-0.2.0.tgz",
      "integrity": "sha512-mpKiSwNGKhKxWCMiUADGf90CLTi7lAJ7EdkjIlUwjhRXUYilT4r90qSXywybuceL5zEJ0bDT/ZUF605ri/GhqA==",
      "license": "MIT",
      "peer": true,
      "dependencies": {
        "licia": "^1.46.0"
      }
    },
    "node_modules/typescript": {
      "version": "5.9.3",
      "resolved": "https://registry.npmjs.org/typescript/-/typescript-5.9.3.tgz",
      "integrity": "sha512-jl1vZzPDinLr9eUt3J/t7V6FgNEw9QjvBPdysz9KfQDD41fQrC2Y4vKQdiaUpFT4bXlb1RHhLpp8wtm6M5TgSw==",
      "dev": true,
      "license": "Apache-2.0",
      "bin": {
        "tsc": "bin/tsc",
        "tsserver": "bin/tsserver"
      },
      "engines": {
        "node": ">=14.17"
      }
    }
  }
}
